
Microsoft Visual Studio Solution File, Format Version 12.00
# Visual Studio 2013
VisualStudioVersion = 12.0.21005.1
MinimumVisualStudioVersion = 10.0.40219.1
Project("{FAE04EC0-301F-11D3-BF4B-00C04F79EFBC}") = "MvcApplication4", "MvcApplication4\MvcApplication4.csproj", "{81930543-6591-49C4-BF9E-1735823C38D3}"
EndProject
Global
	GlobalSection(SolutionConfigurationPlatforms) = preSolution
		Debug|Any CPU = Debug|Any CPU
		Release|Any CPU = Release|Any CPU
	EndGlobalSection
	GlobalSection(ProjectConfigurationPlatforms) = postSolution
		{81930543-6591-49C4-BF9E-1735823C38D3}.Debug|Any CPU.ActiveCfg = Debug|Any CPU
		{81930543-6591-49C4-BF9E-1735823C38D3}.Debug|Any CPU.Build.0 = Debug|Any CPU
		{81930543-6591-49C4-BF9E-1735823C38D3}.Release|Any CPU.ActiveCfg = Release|Any CPU
		{81930543-6591-49C4-BF9E-1735823C38D3}.Release|Any CPU.Build.0 = Release|Any CPU
	EndGlobalSection
	GlobalSection(SolutionProperties) = preSolution
		HideSolutionNode = FALSE
	EndGlobalSection
EndGlobal
